
Microsoft Visual Studio Solution File, Format Version 12.00
# Visual Studio 15
VisualStudioVersion = 15.0.27703.2047
MinimumVisualStudioVersion = 10.0.40219.1
Project("{FAE04EC0-301F-11D3-BF4B-00C04F79EFBC}") = "StudentTestingApp.Android", "StudentTestingApp\StudentTestingApp.Android\StudentTestingApp.Android.csproj", "{33BDE4A9-C072-47AC-901E-FDC279E82028}"
EndProject
Project("{FAE04EC0-301F-11D3-BF4B-00C04F79EFBC}") = "StudentTestingApp", "StudentTestingApp\StudentTestingApp\StudentTestingApp.csproj", "{B632D1E2-7D28-48FC-866A-358F6D32D8AA}"
EndProject
Global
	GlobalSection(SolutionConfigurationPlatforms) = preSolution
		Debug|Any CPU = Debug|Any CPU
		Release|Any CPU = Release|Any CPU
	EndGlobalSection
	GlobalSection(ProjectConfigurationPlatforms) = postSolution
		{33BDE4A9-C072-47AC-901E-FDC279E82028}.Debug|Any CPU.ActiveCfg = Debug|Any CPU
		{33BDE4A9-C072-47AC-901E-FDC279E82028}.Debug|Any CPU.Build.0 = Debug|Any CPU
		{33BDE4A9-C072-47AC-901E-FDC279E82028}.Debug|Any CPU.Deploy.0 = Debug|Any CPU
		{33BDE4A9-C072-47AC-901E-FDC279E82028}.Release|Any CPU.ActiveCfg = Release|Any CPU
		{33BDE4A9-C072-47AC-901E-FDC279E82028}.Release|Any CPU.Build.0 = Release|Any CPU
		{33BDE4A9-C072-47AC-901E-FDC279E82028}.Release|Any CPU.Deploy.0 = Release|Any CPU
		{B632D1E2-7D28-48FC-866A-358F6D32D8AA}.Debug|Any CPU.ActiveCfg = Debug|Any CPU
		{B632D1E2-7D28-48FC-866A-358F6D32D8AA}.Debug|Any CPU.Build.0 = Debug|Any CPU
		{B632D1E2-7D28-48FC-866A-358F6D32D8AA}.Debug|Any CPU.Deploy.0 = Debug|Any CPU
		{B632D1E2-7D28-48FC-866A-358F6D32D8AA}.Release|Any CPU.ActiveCfg = Release|Any CPU
		{B632D1E2-7D28-48FC-866A-358F6D32D8AA}.Release|Any CPU.Build.0 = Release|Any CPU
		{B632D1E2-7D28-48FC-866A-358F6D32D8AA}.Release|Any CPU.Deploy.0 = Release|Any CPU
	EndGlobalSection
	GlobalSection(SolutionProperties) = preSolution
		HideSolutionNode = FALSE
	EndGlobalSection
	GlobalSection(ExtensibilityGlobals) = postSolution
		SolutionGuid = {726F6F13-B04F-4931-9F77-B817DB244864}
	EndGlobalSection
EndGlobal
